[[package]]
name = "appdirs"
version = "1.4.4"
description = "A small Python module for determining appropriate platform-specific dirs, e.g. a \"user data dir\"."
category = "dev"
optional = false
python-versions = "*"

[[package]]
name = "astroid"
version = "2.11.7"
description = "An abstract syntax tree for Python with inference support."
category = "dev"
optional = false
python-versions = ">=3.6.2"

[package.dependencies]
lazy-object-proxy = ">=1.4.0"
typed-ast = {version = ">=1.4.0,<2.0", markers = "implementation_name == \"cpython\" and python_version < \"3.8\""}
typing-extensions = {version = ">=3.10", markers = "python_version < \"3.10\""}
wrapt = ">=1.11,<2"

[[package]]
name = "atomicwrites"
version = "1.4.1"
description = "Atomic file writes."
category = "dev"
optional = false
python-versions = ">=2.7, !=3.0.*, !=3.1.*, !=3.2.*, !=3.3.*"

[[package]]
name = "attrs"
version = "22.1.0"
description = "Classes Without Boilerplate"
category = "dev"
optional = false
python-versions = ">=3.5"

[package.extras]
tests_no_zope = ["cloudpickle", "pytest-mypy-plugins", "mypy (>=0.900,!=0.940)", "pytest (>=4.3.0)", "pympler", "hypothesis", "coverage[toml] (>=5.0.2)"]
tests = ["cloudpickle", "zope.interface", "pytest-mypy-plugins", "mypy (>=0.900,!=0.940)", "pytest (>=4.3.0)", "pympler", "hypothesis", "coverage[toml] (>=5.0.2)"]
docs = ["sphinx-notfound-page", "zope.interface", "sphinx", "furo"]
dev = ["cloudpickle", "pre-commit", "sphinx-notfound-page", "sphinx", "furo", "zope.interface", "pytest-mypy-plugins", "mypy (>=0.900,!=0.940)", "pytest (>=4.3.0)", "pympler", "hypothesis", "coverage[toml] (>=5.0.2)"]

[[package]]
name = "autoflake"
version = "1.5.3"
description = "Removes unused imports and unused variables"
category = "dev"
optional = false
python-versions = ">=3.7"

[package.dependencies]
pyflakes = ">=1.1.0"
toml = ">=0.10.2"

[[package]]
name = "autohooks"
version = "2.2.0"
description = "Library for managing git hooks"
category = "dev"
optional = false
python-versions = ">=3.5,<4.0"

[package.dependencies]
colorful = ">=0.5.4,<0.6.0"
packaging = ">=20.3,<21.0"
tomlkit = ">=0.5.11,<0.6.0"

[[package]]
name = "autohooks-plugin-black"
version = "1.2.0"
description = "Autohooks plugin for code formatting via black"
category = "dev"
optional = false
python-versions = ">=3.5"

[package.dependencies]
autohooks = ">=1.1"
black = "*"

[[package]]
name = "autohooks-plugin-isort"
version = "1.0.0"
description = "Autohooks plugin for include sorting via isort"
category = "dev"
optional = false
python-versions = ">=3.5"

[package.dependencies]
autohooks = ">=1.1"
isort = "*"

[[package]]
name = "black"
version = "20.8b1"
description = "The uncompromising code formatter."
category = "dev"
optional = false
python-versions = ">=3.6"

[package.dependencies]
appdirs = "*"
click = ">=7.1.2"
mypy-extensions = ">=0.4.3"
pathspec = ">=0.6,<1"
regex = ">=2020.1.8"
toml = ">=0.10.1"
typed-ast = ">=1.4.0"
typing-extensions = ">=3.7.4"

[package.extras]
colorama = ["colorama (>=0.4.3)"]
d = ["aiohttp (>=3.3.2)", "aiohttp-cors"]

[[package]]
name = "click"
version = "7.1.2"
description = "Composable command line interface toolkit"
category = "main"
optional = false
python-versions = ">=2.7, !=3.0.*, !=3.1.*, !=3.2.*, !=3.3.*, !=3.4.*"

[[package]]
name = "click-log"
version = "0.3.2"
description = "Logging integration for Click"
category = "main"
optional = false
python-versions = "*"

[package.dependencies]
click = "*"

[[package]]
name = "colorama"
version = "0.4.5"
description = "Cross-platform colored terminal text."
category = "main"
optional = false
python-versions = ">=2.7, !=3.0.*, !=3.1.*, !=3.2.*, !=3.3.*, !=3.4.*"

[[package]]
name = "colorful"
version = "0.5.4"
description = "Terminal string styling done right, in Python."
category = "dev"
optional = false
python-versions = "*"

[package.dependencies]
colorama = {version = "*", markers = "platform_system == \"Windows\""}

[[package]]
name = "contextlib2"
version = "21.6.0"
description = "Backports and enhancements for the contextlib module"
category = "main"
optional = false
python-versions = ">=3.6"

[[package]]
name = "dill"
version = "0.3.5.1"
description = "serialize all of python"
category = "dev"
optional = false
python-versions = ">=2.7, !=3.0.*, !=3.1.*, !=3.2.*, !=3.3.*, !=3.4.*, !=3.5.*, !=3.6.*"

[package.extras]
graph = ["objgraph (>=1.7.2)"]

[[package]]
name = "eventkit"
version = "0.8.9"
description = "Event-driven data pipelines"
category = "main"
optional = false
python-versions = "*"

[package.dependencies]
numpy = "*"

[[package]]
name = "ib-insync"
version = "0.9.71"
description = "Python sync/async framework for Interactive Brokers API"
category = "main"
optional = false
python-versions = ">=3.6"

[package.dependencies]
eventkit = "*"
nest-asyncio = "*"

[[package]]
name = "importlib-metadata"
version = "4.12.0"
description = "Read metadata from Python packages"
category = "dev"
optional = false
python-versions = ">=3.7"

[package.dependencies]
typing-extensions = {version = ">=3.6.4", markers = "python_version < \"3.8\""}
zipp = ">=0.5"

[package.extras]
testing = ["importlib-resources (>=1.3)", "pytest-mypy (>=0.9.1)", "pytest-black (>=0.3.7)", "pytest-perf (>=0.9.2)", "flufl.flake8", "pyfakefs", "packaging", "pytest-enabler (>=1.3)", "pytest-cov", "pytest-flake8", "pytest-checkdocs (>=2.4)", "pytest (>=6)"]
perf = ["ipython"]
docs = ["rst.linker (>=1.9)", "jaraco.packaging (>=9)", "sphinx"]

[[package]]
name = "iniconfig"
version = "1.1.1"
description = "iniconfig: brain-dead simple config-ini parsing"
category = "dev"
optional = false
python-versions = "*"

[[package]]
name = "isort"
version = "5.10.1"
description = "A Python utility / library to sort Python imports."
category = "dev"
optional = false
python-versions = ">=3.6.1,<4.0"

[package.extras]
pipfile_deprecated_finder = ["pipreqs", "requirementslib"]
requirements_deprecated_finder = ["pipreqs", "pip-api"]
colors = ["colorama (>=0.4.3,<0.5.0)"]
plugins = ["setuptools"]

[[package]]
name = "lazy-object-proxy"
version = "1.7.1"
description = "A fast and thorough lazy object proxy."
category = "dev"
optional = false
python-versions = ">=3.6"

[[package]]
name = "mccabe"
version = "0.7.0"
description = "McCabe checker, plugin for flake8"
category = "dev"
optional = false
python-versions = ">=3.6"

[[package]]
name = "mypy-extensions"
version = "0.4.3"
description = "Experimental type system extensions for programs checked with the mypy typechecker."
category = "dev"
optional = false
python-versions = "*"

[[package]]
name = "nest-asyncio"
version = "1.5.5"
description = "Patch asyncio to allow nested event loops"
category = "main"
optional = false
python-versions = ">=3.5"

[[package]]
name = "numpy"
version = "1.21.1"
description = "NumPy is the fundamental package for array computing with Python."
category = "main"
optional = false
python-versions = ">=3.7"

[[package]]
name = "packaging"
version = "20.9"
description = "Core utilities for Python packages"
category = "dev"
optional = false
python-versions = ">=2.7, !=3.0.*, !=3.1.*, !=3.2.*, !=3.3.*"

[package.dependencies]
pyparsing = ">=2.0.2"

[[package]]
name = "pathspec"
version = "0.10.1"
description = "Utility library for gitignore style pattern matching of file paths."
category = "dev"
optional = false
python-versions = ">=3.7"

[[package]]
name = "platformdirs"
version = "2.5.2"
description = "A small Python module for determining appropriate platform-specific dirs, e.g. a \"user data dir\"."
category = "dev"
optional = false
python-versions = ">=3.7"

[package.extras]
test = ["pytest (>=6)", "pytest-mock (>=3.6)", "pytest-cov (>=2.7)", "appdirs (==1.4.4)"]
docs = ["sphinx (>=4)", "sphinx-autodoc-typehints (>=1.12)", "proselint (>=0.10.2)", "furo (>=2021.7.5b38)"]

[[package]]
name = "pluggy"
version = "1.0.0"
description = "plugin and hook calling mechanisms for python"
category = "dev"
optional = false
python-versions = ">=3.6"

[package.dependencies]
importlib-metadata = {version = ">=0.12", markers = "python_version < \"3.8\""}

[package.extras]
dev = ["pre-commit", "tox"]
testing = ["pytest", "pytest-benchmark"]

[[package]]
name = "py"
version = "1.11.0"
description = "library with cross-python path, ini-parsing, io, code, log facilities"
category = "dev"
optional = false
python-versions = ">=2.7, !=3.0.*, !=3.1.*, !=3.2.*, !=3.3.*, !=3.4.*"

[[package]]
name = "pyflakes"
version = "2.5.0"
description = "passive checker of Python programs"
category = "dev"
optional = false
python-versions = ">=3.6"

[[package]]
name = "pylint"
version = "2.13.9"
description = "python code static checker"
category = "dev"
optional = false
python-versions = ">=3.6.2"

[package.dependencies]
astroid = ">=2.11.5,<=2.12.0-dev0"
colorama = {version = "*", markers = "sys_platform == \"win32\""}
dill = ">=0.2"
isort = ">=4.2.5,<6"
mccabe = ">=0.6,<0.8"
platformdirs = ">=2.2.0"
tomli = {version = ">=1.1.0", markers = "python_version < \"3.11\""}
typing-extensions = {version = ">=3.10.0", markers = "python_version < \"3.10\""}

[package.extras]
testutil = ["gitpython (>3)"]

[[package]]
name = "pyparsing"
version = "3.0.9"
description = "pyparsing module - Classes and methods to define and execute parsing grammars"
category = "dev"
optional = false
python-versions = ">=3.6.8"

[package.extras]
diagrams = ["jinja2", "railroad-diagrams"]

[[package]]
name = "pytest"
version = "6.2.5"
description = "pytest: simple powerful testing with Python"
category = "dev"
optional = false
python-versions = ">=3.6"

[package.dependencies]
atomicwrites = {version = ">=1.0", markers = "sys_platform == \"win32\""}
attrs = ">=19.2.0"
colorama = {version = "*", markers = "sys_platform == \"win32\""}
importlib-metadata = {version = ">=0.12", markers = "python_version < \"3.8\""}
iniconfig = "*"
packaging = "*"
pluggy = ">=0.12,<2.0"
py = ">=1.8.2"
toml = "*"

[package.extras]
testing = ["argcomplete", "hypothesis (>=3.56)", "mock", "nose", "requests", "xmlschema"]

[[package]]
name = "python-dateutil"
version = "2.8.2"
description = "Extensions to the standard Python datetime module"
category = "main"
optional = false
python-versions = "!=3.0.*,!=3.1.*,!=3.2.*,>=2.7"

[package.dependencies]
six = ">=1.5"

[[package]]
name = "pytimeparse"
version = "1.1.8"
description = "Time expression parser"
category = "main"
optional = false
python-versions = "*"

[[package]]
name = "regex"
version = "2022.9.11"
description = "Alternative regular expression module, to replace re."
category = "dev"
optional = false
python-versions = ">=3.6"

[[package]]
name = "schema"
version = "0.7.5"
description = "Simple data validation library"
category = "main"
optional = false
python-versions = "*"

[package.dependencies]
contextlib2 = ">=0.5.5"

[[package]]
name = "six"
version = "1.16.0"
description = "Python 2 and 3 compatibility utilities"
category = "main"
optional = false
python-versions = ">=2.7, !=3.0.*, !=3.1.*, !=3.2.*"

[[package]]
name = "toml"
version = "0.10.2"
description = "Python Library for Tom's Obvious, Minimal Language"
category = "main"
optional = false
python-versions = ">=2.6, !=3.0.*, !=3.1.*, !=3.2.*"

[[package]]
name = "tomli"
version = "2.0.1"
description = "A lil' TOML parser"
category = "dev"
optional = false
python-versions = ">=3.7"

[[package]]
name = "tomlkit"
version = "0.5.11"
description = "Style preserving TOML library"
category = "dev"
optional = false
python-versions = ">=2.7, !=3.0.*, !=3.1.*, !=3.2.*, !=3.3.*"

[[package]]
name = "typed-ast"
version = "1.5.4"
description = "a fork of Python 2 and 3 ast modules with type comment support"
category = "dev"
optional = false
python-versions = ">=3.6"

[[package]]
name = "typing-extensions"
version = "4.3.0"
description = "Backported and Experimental Type Hints for Python 3.7+"
category = "dev"
optional = false
python-versions = ">=3.7"

[[package]]
name = "wrapt"
version = "1.14.1"
description = "Module for decorators, wrappers and monkey patching."
category = "dev"
optional = false
python-versions = "!=3.0.*,!=3.1.*,!=3.2.*,!=3.3.*,!=3.4.*,>=2.7"

[[package]]
name = "zipp"
version = "3.8.1"
description = "Backport of pathlib-compatible object wrapper for zip files"
category = "dev"
optional = false
python-versions = ">=3.7"

[package.extras]
testing = ["pytest-mypy (>=0.9.1)", "pytest-black (>=0.3.7)", "func-timeout", "jaraco.itertools", "pytest-enabler (>=1.3)", "pytest-cov", "pytest-flake8", "pytest-checkdocs (>=2.4)", "pytest (>=6)"]
docs = ["jaraco.tidelift (>=1.4)", "rst.linker (>=1.9)", "jaraco.packaging (>=9)", "sphinx"]

[metadata]
lock-version = "1.1"
python-versions = "^3.7"
content-hash = "6b8881aaa12dd7523a4227760f2d2bb69c77c24e6838052899cd4f4fd4f26462"

[metadata.files]
appdirs = [
    {file = "appdirs-1.4.4-py2.py3-none-any.whl", hash = "sha256:a841dacd6b99318a741b166adb07e19ee71a274450e68237b4650ca1055ab128"},
    {file = "appdirs-1.4.4.tar.gz", hash = "sha256:7d5d0167b2b1ba821647616af46a749d1c653740dd0d2415100fe26e27afdf41"},
]
astroid = []
atomicwrites = []
attrs = []
autoflake = [
    {file = "autoflake-1.5.3-py2.py3-none-any.whl", hash = "sha256:90eb8d3f625bd72068eb670338ea7efcddbc5c6e822d3601e3dc9404c06ea8da"},
    {file = "autoflake-1.5.3.tar.gz", hash = "sha256:44f7d7eb2c1c49505b513c0e93a5dfd3f7b4218283f50c5ca0af4df6b975d470"},
]
autohooks = [
    {file = "autohooks-2.2.0-py3-none-any.whl", hash = "sha256:9c7b1117ebace5f7edb3352ea7951dc09cfab8a1f8331ae4157da11cdf66f280"},
    {file = "autohooks-2.2.0.tar.gz", hash = "sha256:44bc4675ae6eae0f0803e1f23f31405317ffc679b6a1873ee192999466e05cdd"},
]
autohooks-plugin-black = [
    {file = "autohooks-plugin-black-1.2.0.tar.gz", hash = "sha256:e69a18209f3fd584da903e87faf0e3685caa4d51a9e870ddb3c2b1aef93387b8"},
    {file = "autohooks_plugin_black-1.2.0-py3-none-any.whl", hash = "sha256:5099f620e01d3fcfd70195e63f101d003528b40475e921829a9ebde000f2c5ee"},
]
autohooks-plugin-isort = [
    {file = "autohooks-plugin-isort-1.0.0.tar.gz", hash = "sha256:3308b24fa60562c3193c6bc443051e213986216155b37d0550443db337f0f90b"},
    {file = "autohooks_plugin_isort-1.0.0-py3-none-any.whl", hash = "sha256:a43442277aa2c1f4c9d6ac57ccbb87cc2508b1f29ab2e621a2f0b599773c250f"},
]
black = [
    {file = "black-20.8b1.tar.gz", hash = "sha256:1c02557aa099101b9d21496f8a914e9ed2222ef70336404eeeac8edba836fbea"},
]
click = [
    {file = "click-7.1.2-py2.py3-none-any.whl", hash = "sha256:dacca89f4bfadd5de3d7489b7c8a566eee0d3676333fbb50030263894c38c0dc"},
    {file = "click-7.1.2.tar.gz", hash = "sha256:d2b5255c7c6349bc1bd1e59e08cd12acbbd63ce649f2588755783aa94dfb6b1a"},
]
click-log = [
    {file = "click-log-0.3.2.tar.gz", hash = "sha256:16fd1ca3fc6b16c98cea63acf1ab474ea8e676849dc669d86afafb0ed7003124"},
    {file = "click_log-0.3.2-py2.py3-none-any.whl", hash = "sha256:eee14dc37cdf3072158570f00406572f9e03e414accdccfccd4c538df9ae322c"},
]
colorama = []
colorful = [
    {file = "colorful-0.5.4-py2.py3-none-any.whl", hash = "sha256:8d264b52a39aae4c0ba3e2a46afbaec81b0559a99be0d2cfe2aba4cf94531348"},
    {file = "colorful-0.5.4.tar.gz", hash = "sha256:86848ad4e2eda60cd2519d8698945d22f6f6551e23e95f3f14dfbb60997807ea"},
]
contextlib2 = [
    {file = "contextlib2-21.6.0-py2.py3-none-any.whl", hash = "sha256:3fbdb64466afd23abaf6c977627b75b6139a5a3e8ce38405c5b413aed7a0471f"},
    {file = "contextlib2-21.6.0.tar.gz", hash = "sha256:ab1e2bfe1d01d968e1b7e8d9023bc51ef3509bba217bb730cee3827e1ee82869"},
]
dill = []
eventkit = [
    {file = "eventkit-0.8.9-py3-none-any.whl", hash = "sha256:9d3886578b40fe09607d3a09be44a13c1720f9a869b181f0d971155fc32ca74c"},
    {file = "eventkit-0.8.9.tar.gz", hash = "sha256:ea0ee97903d0713ded98aacdba277cea07d01af86c2480210df7802f64e5879e"},
]
ib-insync = [
    {file = "ib_insync-0.9.71-py3-none-any.whl", hash = "sha256:86b55d97558e6aeec4d2367e7bc7fed41e96522cb69b3c35cae45cc48e0829ef"},
    {file = "ib_insync-0.9.71.tar.gz", hash = "sha256:c1be16a8f23640ddd239f776bd025e5e0a298491b138f05da5b3391f6a6f9bf5"},
]
importlib-metadata = []
iniconfig = [
    {file = "iniconfig-1.1.1-py2.py3-none-any.whl", hash = "sha256:011e24c64b7f47f6ebd835bb12a743f2fbe9a26d4cecaa7f53bc4f35ee9da8b3"},
    {file = "iniconfig-1.1.1.tar.gz", hash = "sha256:bc3af051d7d14b2ee5ef9969666def0cd1a000e121eaea580d4a313df4b37f32"},
]
isort = [
    {file = "isort-5.10.1-py3-none-any.whl", hash = "sha256:6f62d78e2f89b4500b080fe3a81690850cd254227f27f75c3a0c491a1f351ba7"},
    {file = "isort-5.10.1.tar.gz", hash = "sha256:e8443a5e7a020e9d7f97f1d7d9cd17c88bcb3bc7e218bf9cf5095fe550be2951"},
]
lazy-object-proxy = []
mccabe = []
mypy-extensions = [
    {file = "mypy_extensions-0.4.3-py2.py3-none-any.whl", hash = "sha256:090fedd75945a69ae91ce1303b5824f428daf5a028d2f6ab8a299250a846f15d"},
    {file = "mypy_extensions-0.4.3.tar.gz", hash = "sha256:2d82818f5bb3e369420cb3c4060a7970edba416647068eb4c5343488a6c604a8"},
]
nest-asyncio = []
numpy = [
    {file = "numpy-1.21.1-cp37-cp37m-macosx_10_9_x86_64.whl", hash = "sha256:38e8648f9449a549a7dfe8d8755a5979b45b3538520d1e735637ef28e8c2dc50"},
    {file = "numpy-1.21.1-cp37-cp37m-manylinux_2_12_i686.manylinux2010_i686.whl", hash = "sha256:fd7d7409fa643a91d0a05c7554dd68aa9c9bb16e186f6ccfe40d6e003156e33a"},
    {file = "numpy-1.21.1-cp37-cp37m-manylinux_2_12_x86_64.manylinux2010_x86_64.whl", hash = "sha256:a75b4498b1e93d8b700282dc8e655b8bd559c0904b3910b144646dbbbc03e062"},
    {file = "numpy-1.21.1-cp37-cp37m-manylinux_2_17_aarch64.manylinux2014_aarch64.whl", hash = "sha256:1412aa0aec3e00bc23fbb8664d76552b4efde98fb71f60737c83efbac24112f1"},
    {file = "numpy-1.21.1-cp37-cp37m-manylinux_2_5_i686.manylinux1_i686.whl", hash = "sha256:e46ceaff65609b5399163de5893d8f2a82d3c77d5e56d976c8b5fb01faa6b671"},
    {file = "numpy-1.21.1-cp37-cp37m-manylinux_2_5_x86_64.manylinux1_x86_64.whl", hash = "sha256:c6a2324085dd52f96498419ba95b5777e40b6bcbc20088fddb9e8cbb58885e8e"},
    {file = "numpy-1.21.1-cp37-cp37m-win32.whl", hash = "sha256:73101b2a1fef16602696d133db402a7e7586654682244344b8329cdcbbb82172"},
    {file = "numpy-1.21.1-cp37-cp37m-win_amd64.whl", hash = "sha256:7a708a79c9a9d26904d1cca8d383bf869edf6f8e7650d85dbc77b041e8c5a0f8"},
    {file = "numpy-1.21.1-cp38-cp38-macosx_10_9_universal2.whl", hash = "sha256:95b995d0c413f5d0428b3f880e8fe1660ff9396dcd1f9eedbc311f37b5652e16"},
    {file = "numpy-1.21.1-cp38-cp38-macosx_10_9_x86_64.whl", hash = "sha256:635e6bd31c9fb3d475c8f44a089569070d10a9ef18ed13738b03049280281267"},
    {file = "numpy-1.21.1-cp38-cp38-macosx_11_0_arm64.whl", hash = "sha256:4a3d5fb89bfe21be2ef47c0614b9c9c707b7362386c9a3ff1feae63e0267ccb6"},
    {file = "numpy-1.21.1-cp38-cp38-manylinux_2_12_i686.manylinux2010_i686.whl", hash = "sha256:8a326af80e86d0e9ce92bcc1e65c8ff88297de4fa14ee936cb2293d414c9ec63"},
    {file = "numpy-1.21.1-cp38-cp38-manylinux_2_12_x86_64.manylinux2010_x86_64.whl", hash = "sha256:791492091744b0fe390a6ce85cc1bf5149968ac7d5f0477288f78c89b385d9af"},
    {file = "numpy-1.21.1-cp38-cp38-manylinux_2_17_aarch64.manylinux2014_aarch64.whl", hash = "sha256:0318c465786c1f63ac05d7c4dbcecd4d2d7e13f0959b01b534ea1e92202235c5"},
    {file = "numpy-1.21.1-cp38-cp38-manylinux_2_5_i686.manylinux1_i686.whl", hash = "sha256:9a513bd9c1551894ee3d31369f9b07460ef223694098cf27d399513415855b68"},
    {file = "numpy-1.21.1-cp38-cp38-manylinux_2_5_x86_64.manylinux1_x86_64.whl", hash = "sha256:91c6f5fc58df1e0a3cc0c3a717bb3308ff850abdaa6d2d802573ee2b11f674a8"},
    {file = "numpy-1.21.1-cp38-cp38-win32.whl", hash = "sha256:978010b68e17150db8765355d1ccdd450f9fc916824e8c4e35ee620590e234cd"},
    {file = "numpy-1.21.1-cp38-cp38-win_amd64.whl", hash = "sha256:9749a40a5b22333467f02fe11edc98f022133ee1bfa8ab99bda5e5437b831214"},
    {file = "numpy-1.21.1-cp39-cp39-macosx_10_9_universal2.whl", hash = "sha256:d7a4aeac3b94af92a9373d6e77b37691b86411f9745190d2c351f410ab3a791f"},
    {file = "numpy-1.21.1-cp39-cp39-macosx_10_9_x86_64.whl", hash = "sha256:d9e7912a56108aba9b31df688a4c4f5cb0d9d3787386b87d504762b6754fbb1b"},
    {file = "numpy-1.21.1-cp39-cp39-macosx_11_0_arm64.whl", hash = "sha256:25b40b98ebdd272bc3020935427a4530b7d60dfbe1ab9381a39147834e985eac"},
    {file = "numpy-1.21.1-cp39-cp39-manylinux_2_12_i686.manylinux2010_i686.whl", hash = "sha256:8a92c5aea763d14ba9d6475803fc7904bda7decc2a0a68153f587ad82941fec1"},
    {file = "numpy-1.21.1-cp39-cp39-manylinux_2_12_x86_64.manylinux2010_x86_64.whl", hash = "sha256:05a0f648eb28bae4bcb204e6fd14603de2908de982e761a2fc78efe0f19e96e1"},
    {file = "numpy-1.21.1-cp39-cp39-manylinux_2_17_aarch64.manylinux2014_aarch64.whl", hash = "sha256:f01f28075a92eede918b965e86e8f0ba7b7797a95aa8d35e1cc8821f5fc3ad6a"},
    {file = "numpy-1.21.1-cp39-cp39-win32.whl", hash = "sha256:88c0b89ad1cc24a5efbb99ff9ab5db0f9a86e9cc50240177a571fbe9c2860ac2"},
    {file = "numpy-1.21.1-cp39-cp39-win_amd64.whl", hash = "sha256:01721eefe70544d548425a07c80be8377096a54118070b8a62476866d5208e33"},
    {file = "numpy-1.21.1-pp37-pypy37_pp73-manylinux_2_12_x86_64.manylinux2010_x86_64.whl", hash = "sha256:2d4d1de6e6fb3d28781c73fbde702ac97f03d79e4ffd6598b880b2d95d62ead4"},
    {file = "numpy-1.21.1.zip", hash = "sha256:dff4af63638afcc57a3dfb9e4b26d434a7a602d225b42d746ea7fe2edf1342fd"},
]
packaging = [
    {file = "packaging-20.9-py2.py3-none-any.whl", hash = "sha256:67714da7f7bc052e064859c05c595155bd1ee9f69f76557e21f051443c20947a"},
    {file = "packaging-20.9.tar.gz", hash = "sha256:5b327ac1320dc863dca72f4514ecc086f31186744b84a230374cc1fd776feae5"},
]
pathspec = [
    {file = "pathspec-0.10.1-py3-none-any.whl", hash = "sha256:46846318467efc4556ccfd27816e004270a9eeeeb4d062ce5e6fc7a87c573f93"},
    {file = "pathspec-0.10.1.tar.gz", hash = "sha256:7ace6161b621d31e7902eb6b5ae148d12cfd23f4a249b9ffb6b9fee12084323d"},
]
platformdirs = []
pluggy = [
    {file = "pluggy-1.0.0-py2.py3-none-any.whl", hash = "sha256:74134bbf457f031a36d68416e1509f34bd5ccc019f0bcc952c7b909d06b37bd3"},
    {file = "pluggy-1.0.0.tar.gz", hash = "sha256:4224373bacce55f955a878bf9cfa763c1e360858e330072059e10bad68531159"},
]
py = [
    {file = "py-1.11.0-py2.py3-none-any.whl", hash = "sha256:607c53218732647dff4acdfcd50cb62615cedf612e72d1724fb1a0cc6405b378"},
    {file = "py-1.11.0.tar.gz", hash = "sha256:51c75c4126074b472f746a24399ad32f6053d1b34b68d2fa41e558e6f4a98719"},
]
pyflakes = []
pylint = []
pyparsing = []
pytest = [
    {file = "pytest-6.2.5-py3-none-any.whl", hash = "sha256:7310f8d27bc79ced999e760ca304d69f6ba6c6649c0b60fb0e04a4a77cacc134"},
    {file = "pytest-6.2.5.tar.gz", hash = "sha256:131b36680866a76e6781d13f101efb86cf674ebb9762eb70d3082b6f29889e89"},
]
python-dateutil = [
    {file = "python-dateutil-2.8.2.tar.gz", hash = "sha256:0123cacc1627ae19ddf3c27a5de5bd67ee4586fbdd6440d9748f8abb483d3e86"},
    {file = "python_dateutil-2.8.2-py2.py3-none-any.whl", hash = "sha256:961d03dc3453ebbc59dbdea9e4e11c5651520a876d0f4db161e8674aae935da9"},
]
pytimeparse = [
    {file = "pytimeparse-1.1.8-py2.py3-none-any.whl", hash = "sha256:04b7be6cc8bd9f5647a6325444926c3ac34ee6bc7e69da4367ba282f076036bd"},
    {file = "pytimeparse-1.1.8.tar.gz", hash = "sha256:e86136477be924d7e670646a98561957e8ca7308d44841e21f5ddea757556a0a"},
]
regex = [
    {file = "regex-2022.9.11-cp310-cp310-macosx_10_9_x86_64.whl", hash = "sha256:e41d336e39e9d8e9d1d448a3ea86a2753fd97c83c7b2cc5abb0fc97f383d2108"},
    {file = "regex-2022.9.11-cp310-cp310-macosx_11_0_arm64.whl", hash = "sha256:6c46aa8d54a849aaf5faf69040976c059c325dbc1d927644904ff04f6f10fc55"},
    {file = "regex-2022.9.11-cp310-cp310-manylinux_2_17_aarch64.manylinux2014_aarch64.whl", hash = "sha256:2e1edba9bd3900f6434f563227ecb8dc4ebb2ca8e39106c0d48a1195a88a3415"},
    {file = "regex-2022.9.11-cp310-cp310-manylinux_2_17_ppc64le.manylinux2014_ppc64le.whl", hash = "sha256:c2e4981f41cd1f0fa4632d04b3f2e31502ca85df0b588b22a9f20162611d6c61"},
    {file = "regex-2022.9.11-cp310-cp310-manylinux_2_17_s390x.manylinux2014_s390x.whl", hash = "sha256:1f45b7e96ecdfc36023e33d680af2f5033a418c9ef36efba03f324fc4d9b4f4c"},
    {file = "regex-2022.9.11-cp310-cp310-manylinux_2_17_x86_64.manylinux2014_x86_64.whl", hash = "sha256:e7c05621e74e40c7ce66080e238ed7f9c23ea049ac7b3cb56360b5a34d407f15"},
    {file = "regex-2022.9.11-cp310-cp310-manylinux_2_5_i686.manylinux1_i686.manylinux_2_17_i686.manylinux2014_i686.whl", hash = "sha256:2057e34d7af62c8bae1f6bfae585eba9d64ba0c95a5462380e16d842118da7c9"},
    {file = "regex-2022.9.11-cp310-cp310-manylinux_2_5_x86_64.manylinux1_x86_64.manylinux_2_12_x86_64.manylinux2010_x86_64.whl", hash = "sha256:28f21c16d624c3b2661c84a6bc68e0fa399fd352f858a092315fe40cd2e20b95"},
    {file = "regex-2022.9.11-cp310-cp310-musllinux_1_1_aarch64.whl", hash = "sha256:1dde2c60cd015afb04314e55b4270e763aa401099819e80ae41d79886d4ca47e"},
    {file = "regex-2022.9.11-cp310-cp310-musllinux_1_1_i686.whl", hash = "sha256:7df5518b2a92b0205e2bc52d954a74913e11263378db37265f220117092093eb"},
    {file = "regex-2022.9.11-cp310-cp310-musllinux_1_1_ppc64le.whl", hash = "sha256:75280dd3ba402c565d0dfafd712f3c5ffd5b304ae488ecb09ee82732d5496bf6"},
    {file = "regex-2022.9.11-cp310-cp310-musllinux_1_1_s390x.whl", hash = "sha256:5f1b30c151af4b1f5b8cffff0537377fe4d544e53b4932933fb00714d6bf40d6"},
    {file = "regex-2022.9.11-cp310-cp310-musllinux_1_1_x86_64.whl", hash = "sha256:5b1b239b7b441f89edca8eeb75c334a4d47e1a4382c1c655f14802604e328a7f"},
    {file = "regex-2022.9.11-cp310-cp310-win32.whl", hash = "sha256:64ebceb1012dbb2f9bb02a5ad51740f87666d627c6f302c4159c046fdb31a248"},
    {file = "regex-2022.9.11-cp310-cp310-win_amd64.whl", hash = "sha256:043625b6115e290c12d736ab9872fd9fe0ac3cf43779411e9ade5496f60f1352"},
    {file = "regex-2022.9.11-cp311-cp311-macosx_10_9_x86_64.whl", hash = "sha256:0f37a2c670856e4530b820accacb3ea6e4ab9bb1c7e3c59153cb96b6cd204ad5"},
    {file = "regex-2022.9.11-cp311-cp311-macosx_11_0_arm64.whl", hash = "sha256:1c71e74a0174a742b14e7ca30e28c69a3bf895e7f92aaac1cb5bd84f231565d6"},
    {file = "regex-2022.9.11-cp311-cp311-manylinux_2_17_aarch64.manylinux2014_aarch64.whl", hash = "sha256:b694a7569842869574320484c0463e75f94abe991e6a448616647fa18c1b78c8"},
    {file = "regex-2022.9.11-cp311-cp311-manylinux_2_17_ppc64le.manylinux2014_ppc64le.whl", hash = "sha256:4704278136c6b86aef89adfe8878a72cfc20436d2a5c03bab141cd135a47c0a5"},
    {file = "regex-2022.9.11-cp311-cp311-manylinux_2_17_s390x.manylinux2014_s390x.whl", hash = "sha256:8cbe69dd5c4ee69935914b6052b09c70a387300c178b0b3ea1893f85010cabea"},
    {file = "regex-2022.9.11-cp311-cp311-manylinux_2_17_x86_64.manylinux2014_x86_64.whl", hash = "sha256:12655ea0f3bac970bc0421ef6504a585eab6238dee988921395ea1c6fe19a792"},
    {file = "regex-2022.9.11-cp311-cp311-manylinux_2_5_i686.manylinux1_i686.manylinux_2_17_i686.manylinux2014_i686.whl", hash = "sha256:b5498add367e83d0f6bae32e9574cfeb2e3c95defb8dd446bf6b564171cdce7a"},
    {file = "regex-2022.9.11-cp311-cp311-musllinux_1_1_aarch64.whl", hash = "sha256:84d1776b3c0bb4ecd5c2a6d37dc271f922752e80476aded3b6f2376bc5ab1ede"},
    {file = "regex-2022.9.11-cp311-cp311-musllinux_1_1_i686.whl", hash = "sha256:0ec603781007ae2506dba040fe9e770f2b2ae00d8b55793f56392fe6cf5a2b72"},
    {file = "regex-2022.9.11-cp311-cp311-musllinux_1_1_ppc64le.whl", hash = "sha256:65322a8fba16461eed85aa5ea10e062d72f31da2e49538c650f07675212ae1f1"},
    {file = "regex-2022.9.11-cp311-cp311-musllinux_1_1_s390x.whl", hash = "sha256:c267106b630a81d4f13e94ac206cedfcc0496be51c5158077466dafb5def80f0"},
    {file = "regex-2022.9.11-cp311-cp311-musllinux_1_1_x86_64.whl", hash = "sha256:fe614fafdc09e3f58dfeb29534b63a17198a92e6b371a10818ace7044a8a94f0"},
    {file = "regex-2022.9.11-cp311-cp311-win32.whl", hash = "sha256:9e2193eca5c588ca7565760f07d82bbc450dcab54294d8aa0b796ee8521f8485"},
    {file = "regex-2022.9.11-cp311-cp311-win_amd64.whl", hash = "sha256:b8472d4239378f8a2e71a9f09f0ebc3b6eccf0a59b31ab91455c169b7784d41c"},
    {file = "regex-2022.9.11-cp36-cp36m-macosx_10_9_x86_64.whl", hash = "sha256:6db6795c4d1b596a862011949a6a6ea3824dfcff6cb4273f75a2f2ffdfffd4bb"},
    {file = "regex-2022.9.11-cp36-cp36m-manylinux_2_17_aarch64.manylinux2014_aarch64.whl", hash = "sha256:612782329e9b9063f81365a26731efa4cf550afc8b0b2ae92d41df5c8fbc3acb"},
    {file = "regex-2022.9.11-cp36-cp36m-manylinux_2_17_ppc64le.manylinux2014_ppc64le.whl", hash = "sha256:a15dde0bec401c7831782171d374f87f55600cdc5790611b947beea54d32dbf7"},
    {file = "regex-2022.9.11-cp36-cp36m-manylinux_2_17_s390x.manylinux2014_s390x.whl", hash = "sha256:41af38280a9a633f30e284db648ae827327e8d2790e47dc1885780e4d08d35bf"},
    {file = "regex-2022.9.11-cp36-cp36m-manylinux_2_17_x86_64.manylinux2014_x86_64.whl", hash = "sha256:161963b448c7dfdb2dd78c87e2c7882a536583d46e9ab4b7fb350f5196283720"},
    {file = "regex-2022.9.11-cp36-cp36m-manylinux_2_5_i686.manylinux1_i686.manylinux_2_17_i686.manylinux2014_i686.whl", hash = "sha256:e2bb2341f5bc4ee42ee217d041f2f3af32b6d7031de60ea338274123914990f3"},
    {file = "regex-2022.9.11-cp36-cp36m-manylinux_2_5_x86_64.manylinux1_x86_64.manylinux_2_12_x86_64.manylinux2010_x86_64.whl", hash = "sha256:985ebdb2ede7f885ceea10d3f418847f31cfaad439d1c6fa9b6b7aa4606a1675"},
    {file = "regex-2022.9.11-cp36-cp36m-musllinux_1_1_aarch64.whl", hash = "sha256:40ca0f1294e7fdb16c386f532c13342d181084e986572c7bcf256cfe517d6529"},
    {file = "regex-2022.9.11-cp36-cp36m-musllinux_1_1_i686.whl", hash = "sha256:a68890ca4931eacc4149bcb5de8b2411c7cf8781d68373789cab48730fc50463"},
    {file = "regex-2022.9.11-cp36-cp36m-musllinux_1_1_ppc64le.whl", hash = "sha256:1210923af1a9152400308abb0156a3c9a2e4a3a3a9ab0aa2f1713a9859a3809b"},
    {file = "regex-2022.9.11-cp36-cp36m-musllinux_1_1_s390x.whl", hash = "sha256:682956726baaf73d8b5275289d1293f8fc2bc32433d0c211326b51c9e792ccc6"},
    {file = "regex-2022.9.11-cp36-cp36m-musllinux_1_1_x86_64.whl", hash = "sha256:92f9ef720dafe3b76a43f683f9455f5eb2d4dda8a595bc9cacf5741273facff5"},
    {file = "regex-2022.9.11-cp36-cp36m-win32.whl", hash = "sha256:c6202fb9c2a1619bde05d742aa2abc2ccfa26ac9be895954172b588560b83c22"},
    {file = "regex-2022.9.11-cp36-cp36m-win_amd64.whl", hash = "sha256:9b646d2664342270d8cd4828a939675eaf62ad4c3df0633d0bd08d1df3715c2a"},
    {file = "regex-2022.9.11-cp37-cp37m-macosx_10_9_x86_64.whl", hash = "sha256:66de863f6fb5940b8eaa07ae2c5aa131bdff2f52aaa1d8ef960c44c164c00398"},
    {file = "regex-2022.9.11-cp37-cp37m-manylinux_2_17_aarch64.manylinux2014_aarch64.whl", hash = "sha256:0f79ebe9a055359410d33090195ea8a3869c591c6cedb125741c0a05f372d85c"},
    {file = "regex-2022.9.11-cp37-cp37m-manylinux_2_17_ppc64le.manylinux2014_ppc64le.whl", hash = "sha256:da1af5315a070e6abfb2db8b616c1771479f35dca935acadd741cbde5b6ca7f5"},
    {file = "regex-2022.9.11-cp37-cp37m-manylinux_2_17_s390x.manylinux2014_s390x.whl", hash = "sha256:c5ba2e8c3d9ef1c1d745b4c9055283241c366ff8528494af4bf0224499a54712"},
    {file = "regex-2022.9.11-cp37-cp37m-manylinux_2_17_x86_64.manylinux2014_x86_64.whl", hash = "sha256:8c9e18ff1a5ccf925ce800749d09a40ff7c20bcd47a7d53851880b5fedf5a591"},
    {file = "regex-2022.9.11-cp37-cp37m-manylinux_2_5_i686.manylinux1_i686.manylinux_2_17_i686.manylinux2014_i686.whl", hash = "sha256:53190d6cf1a11cc7fa9f7f9f9c753c95ddad7d60eb4801cf5716b4f98216a82d"},
    {file = "regex-2022.9.11-cp37-cp37m-manylinux_2_5_x86_64.manylinux1_x86_64.manylinux_2_12_x86_64.manylinux2010_x86_64.whl", hash = "sha256:ee677f27f1a464c851ea1dec5f7a4b3fe80b404895891adc442ac42fb9f7d178"},
    {file = "regex-2022.9.11-cp37-cp37m-musllinux_1_1_aarch64.whl", hash = "sha256:f5bf95f34aea88a745a3cd52b950a54152a85c246dba13d84abf192e12b941a0"},
    {file = "regex-2022.9.11-cp37-cp37m-musllinux_1_1_i686.whl", hash = "sha256:bee699bee0f364af37729142abb0a0816f9785ba0bb968101dd9d8246da94301"},
    {file = "regex-2022.9.11-cp37-cp37m-musllinux_1_1_ppc64le.whl", hash = "sha256:b2bcaf9b72c36c4e55b2f279f8747a6ac5615a3486905b9188299fefaa5bcb09"},
    {file = "regex-2022.9.11-cp37-cp37m-musllinux_1_1_s390x.whl", hash = "sha256:aa713ac41c6f1e3fecca3a2608aeb35b1ba1feba7f0c52710ea1929609990c89"},
    {file = "regex-2022.9.11-cp37-cp37m-musllinux_1_1_x86_64.whl", hash = "sha256:70f0646605177ebd4c3e658ba35a366fe9a33e67325cdd0b920c48ea768d8a82"},
    {file = "regex-2022.9.11-cp37-cp37m-win32.whl", hash = "sha256:cfca724c38649c2b0efb56759d0f988e1b534f4148f90065578713400a053771"},
    {file = "regex-2022.9.11-cp37-cp37m-win_amd64.whl", hash = "sha256:b1629547bacb14fbd27f53f627b3adb7ec31e63c42b89d7c3ab66bb94d5d50b3"},
    {file = "regex-2022.9.11-cp38-cp38-macosx_10_9_x86_64.whl", hash = "sha256:48e4cf239875093790fa269d7a4f0cd532748d502488231512b3956d7f03295b"},
    {file = "regex-2022.9.11-cp38-cp38-macosx_11_0_arm64.whl", hash = "sha256:eba4646a81f88542568ad42c8b62819f476dbe786471f5dd8cd8b3f1d8d20df3"},
    {file = "regex-2022.9.11-cp38-cp38-manylinux_2_17_aarch64.manylinux2014_aarch64.whl", hash = "sha256:06b3c5a0e12048902575e7ec41717807db07c06f94f8ac7ca2ca577f3412d48b"},
    {file = "regex-2022.9.11-cp38-cp38-manylinux_2_17_ppc64le.manylinux2014_ppc64le.whl", hash = "sha256:37a47d96224cadaa79cf64b10aad85604787fffb8913ec39bcad985f73588a55"},
    {file = "regex-2022.9.11-cp38-cp38-manylinux_2_17_s390x.manylinux2014_s390x.whl", hash = "sha256:dc868967051010170eee023053d53255901e5f54dd0c34414c3914ab6504c179"},
    {file = "regex-2022.9.11-cp38-cp38-manylinux_2_17_x86_64.manylinux2014_x86_64.whl", hash = "sha256:fdce51c6961ff19e6800b7ea706c7836a0eca932053b0c4a3fe19b16e556092d"},
    {file = "regex-2022.9.11-cp38-cp38-manylinux_2_5_i686.manylinux1_i686.manylinux_2_17_i686.manylinux2014_i686.whl", hash = "sha256:5f95532fc075f5f416d1376ed5c5d2c67fbbc69d99abc80575a15ff3666b72c7"},
    {file = "regex-2022.9.11-cp38-cp38-manylinux_2_5_x86_64.manylinux1_x86_64.manylinux_2_12_x86_64.manylinux2010_x86_64.whl", hash = "sha256:a1115967b13a1fe5388ede91caf296aa22e05a9f1b2fe4ab99f41bdf14af981a"},
    {file = "regex-2022.9.11-cp38-cp38-musllinux_1_1_aarch64.whl", hash = "sha256:212090f37c65381933643a1a8b94d5d73a10027415a7c4baa3cae6549ad49ab2"},
    {file = "regex-2022.9.11-cp38-cp38-musllinux_1_1_i686.whl", hash = "sha256:39139c1921cfebe4012149561cb3b8b46adad533e45fc306f8ba7ce5c112dac3"},
    {file = "regex-2022.9.11-cp38-cp38-musllinux_1_1_ppc64le.whl", hash = "sha256:1c3133a547b78886e2cc01a2fa1c0a0dae9b5a7201cbaec98d4e33e593536d17"},
    {file = "regex-2022.9.11-cp38-cp38-musllinux_1_1_s390x.whl", hash = "sha256:6ad8cbbb653d41b3ee0079d02f65d811f8764ffdc138a7207bdd562d30299856"},
    {file = "regex-2022.9.11-cp38-cp38-musllinux_1_1_x86_64.whl", hash = "sha256:01a01a69f1f82691675c35ec282f44ad2d0a2c27558f6238f8cd2d29616a150e"},
    {file = "regex-2022.9.11-cp38-cp38-win32.whl", hash = "sha256:0d7df2af1341cee32a03466b59b37c418bedb83863b5feba8ec4c70ad5de3dee"},
    {file = "regex-2022.9.11-cp38-cp38-win_amd64.whl", hash = "sha256:4a0c807a70ea71b168ac0d358e26e97c4a0af06e6ee99e757a8e7d19ac18994a"},
    {file = "regex-2022.9.11-cp39-cp39-macosx_10_9_x86_64.whl", hash = "sha256:27d53e5b3cc409e643ef42cfffffd160bec28111aa60634c251e871d8e542416"},
    {file = "regex-2022.9.11-cp39-cp39-macosx_11_0_arm64.whl", hash = "sha256:93fe7b56a44072828a49b15f74c0915ae5e301ec9caaedbe3c70c45df67389c6"},
    {file = "regex-2022.9.11-cp39-cp39-manylinux_2_17_aarch64.manylinux2014_aarch64.whl", hash = "sha256:577043629a33ab932b484139a097cf26b19e64b833bde7a294f67077ddb4918e"},
    {file = "regex-2022.9.11-cp39-cp39-manylinux_2_17_ppc64le.manylinux2014_ppc64le.whl", hash = "sha256:c77ce22edfa612d3d0443fe600895431dc77ca1cfd9dcd3edaba48b28834fa90"},
    {file = "regex-2022.9.11-cp39-cp39-manylinux_2_17_s390x.manylinux2014_s390x.whl", hash = "sha256:c8bf18398af539ba6550a8086d5b57db9580c36190a0644f1049463855b3aac7"},
    {file = "regex-2022.9.11-cp39-cp39-manylinux_2_17_x86_64.manylinux2014_x86_64.whl", hash = "sha256:54d9219992e4c849279297d4e3b076a01eca55a75d54e0d80d5c391f644ae7f3"},
    {file = "regex-2022.9.11-cp39-cp39-manylinux_2_5_i686.manylinux1_i686.manylinux_2_17_i686.manylinux2014_i686.whl", hash = "sha256:6f01b342ec64d0e47915c70f14596c2e06d126b92c3ea420b6cc0992c43a4312"},
    {file = "regex-2022.9.11-cp39-cp39-manylinux_2_5_x86_64.manylinux1_x86_64.manylinux_2_12_x86_64.manylinux2010_x86_64.whl", hash = "sha256:0824f163c26bc1684ebd9fe4d8c77ae6aceb4aa560c06cd050429b028dc5c3e2"},
    {file = "regex-2022.9.11-cp39-cp39-musllinux_1_1_aarch64.whl", hash = "sha256:27d73b632648d392fd4003d7e19aedacd6ac1613f41abadef9ac5681b1da0a24"},
    {file = "regex-2022.9.11-cp39-cp39-musllinux_1_1_i686.whl", hash = "sha256:386d82efc745dd9676a4d372c57f8a0229482ad31d400024b6b5fad67bdb6496"},
    {file = "regex-2022.9.11-cp39-cp39-musllinux_1_1_ppc64le.whl", hash = "sha256:97110faa16598a488ddfe3022b5bd9b4db1d2ce1ee72db080876a80911feefad"},
    {file = "regex-2022.9.11-cp39-cp39-musllinux_1_1_s390x.whl", hash = "sha256:5b10a18f36add26752140ba48278198168c92d26c3b4d080079bc584fce778bf"},
    {file = "regex-2022.9.11-cp39-cp39-musllinux_1_1_x86_64.whl", hash = "sha256:a31e7c3cd447f29cce5a5a5270a0c5d355c8f7e55266346f1b71cbe61c35756e"},
    {file = "regex-2022.9.11-cp39-cp39-win32.whl", hash = "sha256:841d93b90d71854378fc5ac6b52fb952428370f7672f20b12efcb93aa932b340"},
    {file = "regex-2022.9.11-cp39-cp39-win_amd64.whl", hash = "sha256:0d86877f721d671ec2e368341c48b762883e1ede39fc1fb78ee68b8cf0c82696"},
    {file = "regex-2022.9.11.tar.gz", hash = "sha256:36dc03da451c2aef9a3ea521a453faa43474fc6c1d8b46706aee6c31a57d3552"},
]
schema = []
six = [
    {file = "six-1.16.0-py2.py3-none-any.whl", hash = "sha256:8abb2f1d86890a2dfb989f9a77cfcfd3e47c2a354b01111771326f8aa26e0254"},
    {file = "six-1.16.0.tar.gz", hash = "sha256:1e61c37477a1626458e36f7b1d82aa5c9b094fa4802892072e49de9c60c4c926"},
]
toml = [
    {file = "toml-0.10.2-py2.py3-none-any.whl", hash = "sha256:806143ae5bfb6a3c6e736a764057db0e6a0e05e338b5630894a5f779cabb4f9b"},
    {file = "toml-0.10.2.tar.gz", hash = "sha256:b3bda1d108d5dd99f4a20d24d9c348e91c4db7ab1b749200bded2f839ccbe68f"},
]
tomli = []
tomlkit = [
    {file = "tomlkit-0.5.11-py2.py3-none-any.whl", hash = "sha256:4e1bd6c9197d984528f9ff0cc9db667c317d8881288db50db20eeeb0f6b0380b"},
    {file = "tomlkit-0.5.11.tar.gz", hash = "sha256:f044eda25647882e5ef22b43a1688fb6ab12af2fc50e8456cdfc751c873101cf"},
]
typed-ast = []
typing-extensions = []
wrapt = []
zipp = []
